
Microsoft Visual Studio Solution File, Format Version 12.00
# Visual Studio 15
VisualStudioVersion = 15.0.27130.2027
MinimumVisualStudioVersion = 10.0.40219.1
Project("{9A19103F-16F7-4668-BE54-9A1E7A4F7556}") = "VicBlogServer", "VicBlogServer\VicBlogServer.csproj", "{2D1FB456-C8A4-40F1-85F5-5F3EC3EAAED6}"
EndProject
Project("{9A19103F-16F7-4668-BE54-9A1E7A4F7556}") = "VicBlogServer.Tests", "VicBlogServer.Tests\VicBlogServer.Tests.csproj", "{FAC597EF-765E-4250-986B-643346F63196}"
EndProject
Project("{2150E333-8FDC-42A3-9474-1A3956D46DE8}") = "Solution Items", "Solution Items", "{7A071EAD-E4A5-4FB8-8576-3B01E5459D85}"
	ProjectSection(SolutionItems) = preProject
		README.md = README.md
	EndProjectSection
EndProject
Global
	GlobalSection(SolutionConfigurationPlatforms) = preSolution
		Debug|Any CPU = Debug|Any CPU
		Release|Any CPU = Release|Any CPU
	EndGlobalSection
	GlobalSection(ProjectConfigurationPlatforms) = postSolution
		{2D1FB456-C8A4-40F1-85F5-5F3EC3EAAED6}.Debug|Any CPU.ActiveCfg = Debug|Any CPU
		{2D1FB456-C8A4-40F1-85F5-5F3EC3EAAED6}.Debug|Any CPU.Build.0 = Debug|Any CPU
		{2D1FB456-C8A4-40F1-85F5-5F3EC3EAAED6}.Release|Any CPU.ActiveCfg = Release|Any CPU
		{2D1FB456-C8A4-40F1-85F5-5F3EC3EAAED6}.Release|Any CPU.Build.0 = Release|Any CPU
		{FAC597EF-765E-4250-986B-643346F63196}.Debug|Any CPU.ActiveCfg = Debug|Any CPU
		{FAC597EF-765E-4250-986B-643346F63196}.Debug|Any CPU.Build.0 = Debug|Any CPU
		{FAC597EF-765E-4250-986B-643346F63196}.Release|Any CPU.ActiveCfg = Release|Any CPU
		{FAC597EF-765E-4250-986B-643346F63196}.Release|Any CPU.Build.0 = Release|Any CPU
	EndGlobalSection
	GlobalSection(SolutionProperties) = preSolution
		HideSolutionNode = FALSE
	EndGlobalSection
	GlobalSection(ExtensibilityGlobals) = postSolution
		SolutionGuid = {001FA7FE-EF0E-4435-9BB1-62E66BE17084}
	EndGlobalSection
EndGlobal
